
Microsoft Visual Studio Solution File, Format Version 12.00
# Visual Studio Version 17
VisualStudioVersion = 17.11.35208.52
MinimumVisualStudioVersion = 10.0.40219.1
Project("{FAE04EC0-301F-11D3-BF4B-00C04F79EFBC}") = "Hotel Room app", "B8\Hotel Room app.csproj", "{7DA9931D-D6AE-4C29-98C4-D1AE0EAEBD3B}"
EndProject
Global
	GlobalSection(SolutionConfigurationPlatforms) = preSolution
		Debug|Any CPU = Debug|Any CPU
		Release|Any CPU = Release|Any CPU
	EndGlobalSection
	GlobalSection(ProjectConfigurationPlatforms) = postSolution
		{7DA9931D-D6AE-4C29-98C4-D1AE0EAEBD3B}.Debug|Any CPU.ActiveCfg = Debug|Any CPU
		{7DA9931D-D6AE-4C29-98C4-D1AE0EAEBD3B}.Debug|Any CPU.Build.0 = Debug|Any CPU
		{7DA9931D-D6AE-4C29-98C4-D1AE0EAEBD3B}.Release|Any CPU.ActiveCfg = Release|Any CPU
		{7DA9931D-D6AE-4C29-98C4-D1AE0EAEBD3B}.Release|Any CPU.Build.0 = Release|Any CPU
	EndGlobalSection
	GlobalSection(SolutionProperties) = preSolution
		HideSolutionNode = FALSE
	EndGlobalSection
	GlobalSection(ExtensibilityGlobals) = postSolution
		SolutionGuid = {AA20D103-B160-4D30-9DEA-DE1C43867087}
	EndGlobalSection
EndGlobal
